// !$*UTF8*$!
{
	archiveVersion = 1;
	classes = {
	};
	objectVersion = 51;
	objects = {

/* Begin PBXBuildFile section */
		501CA2AF7AA253D33ED2F077 /* Pods_Instagram.framework in Frameworks */ = {isa = PBXBuildFile; fileRef = B144C6C24483A812A3E93865 /* Pods_Instagram.framework */; };
		6F564E5326B7829F00BA8C6C /* Const.swift in Sources */ = {isa = PBXBuildFile; fileRef = 6F564E5226B7829F00BA8C6C /* Const.swift */; };
		6F564E5626B7851400BA8C6C /* PostData.swift in Sources */ = {isa = PBXBuildFile; fileRef = 6F564E5526B7851400BA8C6C /* PostData.swift */; };
		6F564E5A26B785B000BA8C6C /* PostTableViewCell.swift in Sources */ = {isa = PBXBuildFile; fileRef = 6F564E5826B785B000BA8C6C /* PostTableViewCell.swift */; };
		6F564E5B26B785B000BA8C6C /* PostTableViewCell.xib in Resources */ = {isa = PBXBuildFile; fileRef = 6F564E5926B785B000BA8C6C /* PostTableViewCell.xib */; };
		6F5C89E226B7D4B500C6D514 /* CmntTableViewCell.swift in Sources */ = {isa = PBXBuildFile; fileRef = 6F5C89E026B7D4B500C6D514 /* CmntTableViewCell.swift */; };
		6F5C89E326B7D4B500C6D514 /* CmntTableViewCell.xib in Resources */ = {isa = PBXBuildFile; fileRef = 6F5C89E126B7D4B500C6D514 /* CmntTableViewCell.xib */; };
		6FB00BEC26B2C70000A98895 /* AppDelegate.swift in Sources */ = {isa = PBXBuildFile; fileRef = 6FB00BEB26B2C70000A98895 /* AppDelegate.swift */; };
		6FB00BEE26B2C70000A98895 /* SceneDelegate.swift in Sources */ = {isa = PBXBuildFile; fileRef = 6FB00BED26B2C70000A98895 /* SceneDelegate.swift */; };
		6FB00BF326B2C70000A98895 /* Main.storyboard in Resources */ = {isa = PBXBuildFile; fileRef = 6FB00BF126B2C70000A98895 /* Main.storyboard */; };
		6FB00BF526B2C70900A98895 /* Assets.xcassets in Resources */ = {isa = PBXBuildFile; fileRef = 6FB00BF426B2C70900A98895 /* Assets.xcassets */; };
		6FB00BF826B2C70900A98895 /* LaunchScreen.storyboard in Resources */ = {isa = PBXBuildFile; fileRef = 6FB00BF626B2C70900A98895 /* LaunchScreen.storyboard */; };
		6FB00C0126B2C79000A98895 /* LoginViewController.swift in Sources */ = {isa = PBXBuildFile; fileRef = 6FB00C0026B2C79000A98895 /* LoginViewController.swift */; };
		6FB00C0426B2C7A000A98895 /* HomeViewController.swift in Sources */ = {isa = PBXBuildFile; fileRef = 6FB00C0326B2C7A000A98895 /* HomeViewController.swift */; };
		6FB00C0726B2C7AE00A98895 /* ImageSelectViewController.swift in Sources */ = {isa = PBXBuildFile; fileRef = 6FB00C0626B2C7AE00A98895 /* ImageSelectViewController.swift */; };
		6FB00C0A26B2C7C900A98895 /* PostViewController.swift in Sources */ = {isa = PBXBuildFile; fileRef = 6FB00C0926B2C7C900A98895 /* PostViewController.swift */; };
		6FB00C0D26B2C7D800A98895 /* SettingViewController.swift in Sources */ = {isa = PBXBuildFile; fileRef = 6FB00C0C26B2C7D800A98895 /* SettingViewController.swift */; };
		6FB00C1126B2D07700A98895 /* TabBarController.swift in Sources */ = {isa = PBXBuildFile; fileRef = 6FB00C1026B2D07700A98895 /* TabBarController.swift */; };
		6FB00C1526B39C7900A98895 /* GoogleService-Info.plist in Resources */ = {isa = PBXBuildFile; fileRef = 6FB00C1426B39C7900A98895 /* GoogleService-Info.plist */; };
/* End PBXBuildFile section */

/* Begin PBXFileReference section */
		0E4700605A322C15F4B04407 /* Pods-Instagram.release.xcconfig */ = {isa = PBXFileReference; includeInIndex = 1; lastKnownFileType = text.xcconfig; name = "Pods-Instagram.release.xcconfig"; path = "Target Support Files/Pods-Instagram/Pods-Instagram.release.xcconfig"; sourceTree = "<group>"; };
		6F564E5226B7829F00BA8C6C /* Const.swift */ = {isa = PBXFileReference; lastKnownFileType = sourcecode.swift; path = Const.swift; sourceTree = "<group>"; };
		6F564E5526B7851400BA8C6C /* PostData.swift */ = {isa = PBXFileReference; lastKnownFileType = sourcecode.swift; path = PostData.swift; sourceTree = "<group>"; };
		6F564E5826B785B000BA8C6C /* PostTableViewCell.swift */ = {isa = PBXFileReference; lastKnownFileType = sourcecode.swift; path = PostTableViewCell.swift; sourceTree = "<group>"; };
		6F564E5926B785B000BA8C6C /* PostTableViewCell.xib */ = {isa = PBXFileReference; lastKnownFileType = file.xib; path = PostTableViewCell.xib; sourceTree = "<group>"; };
		6F5C89E026B7D4B500C6D514 /* CmntTableViewCell.swift */ = {isa = PBXFileReference; lastKnownFileType = sourcecode.swift; path = CmntTableViewCell.swift; sourceTree = "<group>"; };
		6F5C89E126B7D4B500C6D514 /* CmntTableViewCell.xib */ = {isa = PBXFileReference; lastKnownFileType = file.xib; path = CmntTableViewCell.xib; sourceTree = "<group>"; };
		6FB00BE826B2C70000A98895 /* Instagram.app */ = {isa = PBXFileReference; explicitFileType = wrapper.application; includeInIndex = 0; path = Instagram.app; sourceTree = BUILT_PRODUCTS_DIR; };
		6FB00BEB26B2C70000A98895 /* AppDelegate.swift */ = {isa = PBXFileReference; lastKnownFileType = sourcecode.swift; path = AppDelegate.swift; sourceTree = "<group>"; };
		6FB00BED26B2C70000A98895 /* SceneDelegate.swift */ = {isa = PBXFileReference; lastKnownFileType = sourcecode.swift; path = SceneDelegate.swift; sourceTree = "<group>"; };
		6FB00BF226B2C70000A98895 /* Base */ = {isa = PBXFileReference; lastKnownFileType = file.storyboard; name = Base; path = Base.lproj/Main.storyboard; sourceTree = "<group>"; };
		6FB00BF426B2C70900A98895 /* Assets.xcassets */ = {isa = PBXFileReference; lastKnownFileType = folder.assetcatalog; path = Assets.xcassets; sourceTree = "<group>"; };
		6FB00BF726B2C70900A98895 /* Base */ = {isa = PBXFileReference; lastKnownFileType = file.storyboard; name = Base; path = Base.lproj/LaunchScreen.storyboard; sourceTree = "<group>"; };
		6FB00BF926B2C70900A98895 /* Info.plist */ = {isa = PBXFileReference; lastKnownFileType = text.plist.xml; path = Info.plist; sourceTree = "<group>"; };
		6FB00C0026B2C79000A98895 /* LoginViewController.swift */ = {isa = PBXFileReference; lastKnownFileType = sourcecode.swift; path = LoginViewController.swift; sourceTree = "<group>"; };
		6FB00C0326B2C7A000A98895 /* HomeViewController.swift */ = {isa = PBXFileReference; lastKnownFileType = sourcecode.swift; path = HomeViewController.swift; sourceTree = "<group>"; };
		6FB00C0626B2C7AE00A98895 /* ImageSelectViewController.swift */ = {isa = PBXFileReference; lastKnownFileType = sourcecode.swift; path = ImageSelectViewController.swift; sourceTree = "<group>"; };
		6FB00C0926B2C7C900A98895 /* PostViewController.swift */ = {isa = PBXFileReference; lastKnownFileType = sourcecode.swift; path = PostViewController.swift; sourceTree = "<group>"; };
		6FB00C0C26B2C7D800A98895 /* SettingViewController.swift */ = {isa = PBXFileReference; lastKnownFileType = sourcecode.swift; path = SettingViewController.swift; sourceTree = "<group>"; };
		6FB00C1026B2D07700A98895 /* TabBarController.swift */ = {isa = PBXFileReference; lastKnownFileType = sourcecode.swift; path = TabBarController.swift; sourceTree = "<group>"; };
		6FB00C1426B39C7900A98895 /* GoogleService-Info.plist */ = {isa = PBXFileReference; fileEncoding = 4; lastKnownFileType = text.plist.xml; path = "GoogleService-Info.plist"; sourceTree = "<group>"; };
		B144C6C24483A812A3E93865 /* Pods_Instagram.framework */ = {isa = PBXFileReference; explicitFileType = wrapper.framework; includeInIndex = 0; path = Pods_Instagram.framework; sourceTree = BUILT_PRODUCTS_DIR; };
		E360BF9A55253524EFC2243A /* Pods-Instagram.debug.xcconfig */ = {isa = PBXFileReference; includeInIndex = 1; lastKnownFileType = text.xcconfig; name = "Pods-Instagram.debug.xcconfig"; path = "Target Support Files/Pods-Instagram/Pods-Instagram.debug.xcconfig"; sourceTree = "<group>"; };
/* End PBXFileReference section */

/* Begin PBXFrameworksBuildPhase section */
		6FB00BE526B2C70000A98895 /* Frameworks */ = {
			isa = PBXFrameworksBuildPhase;
			buildActionMask = 2147483647;
			files = (
				501CA2AF7AA253D33ED2F077 /* Pods_Instagram.framework in Frameworks */,
			);
			runOnlyForDeploymentPostprocessing = 0;
		};
/* End PBXFrameworksBuildPhase section */

/* Begin PBXGroup section */
		6A571E27BFD6C85369A45553 /* Frameworks */ = {
			isa = PBXGroup;
			children = (
				B144C6C24483A812A3E93865 /* Pods_Instagram.framework */,
			);
			name = Frameworks;
			sourceTree = "<group>";
		};
		6FB00BDF26B2C6FF00A98895 = {
			isa = PBXGroup;
			children = (
				6FB00BEA26B2C70000A98895 /* Instagram */,
				6FB00BE926B2C70000A98895 /* Products */,
				BA35E8D1D50D2C3A2776B04D /* Pods */,
				6A571E27BFD6C85369A45553 /* Frameworks */,
			);
			sourceTree = "<group>";
		};
		6FB00BE926B2C70000A98895 /* Products */ = {
			isa = PBXGroup;
			children = (
				6FB00BE826B2C70000A98895 /* Instagram.app */,
			);
			name = Products;
			sourceTree = "<group>";
		};
		6FB00BEA26B2C70000A98895 /* Instagram */ = {
			isa = PBXGroup;
			children = (
				6FB00BEB26B2C70000A98895 /* AppDelegate.swift */,
				6FB00BED26B2C70000A98895 /* SceneDelegate.swift */,
				6FB00C0026B2C79000A98895 /* LoginViewController.swift */,
				6FB00C0326B2C7A000A98895 /* HomeViewController.swift */,
				6FB00C0626B2C7AE00A98895 /* ImageSelectViewController.swift */,
				6FB00C0926B2C7C900A98895 /* PostViewController.swift */,
				6FB00C0C26B2C7D800A98895 /* SettingViewController.swift */,
				6F564E5826B785B000BA8C6C /* PostTableViewCell.swift */,
				6F564E5926B785B000BA8C6C /* PostTableViewCell.xib */,
				6F5C89E026B7D4B500C6D514 /* CmntTableViewCell.swift */,
				6F5C89E126B7D4B500C6D514 /* CmntTableViewCell.xib */,
				6FB00C1026B2D07700A98895 /* TabBarController.swift */,
				6F564E5226B7829F00BA8C6C /* Const.swift */,
				6F564E5526B7851400BA8C6C /* PostData.swift */,
				6FB00BF126B2C70000A98895 /* Main.storyboard */,
				6FB00BF426B2C70900A98895 /* Assets.xcassets */,
				6FB00BF626B2C70900A98895 /* LaunchScreen.storyboard */,
				6FB00C1426B39C7900A98895 /* GoogleService-Info.plist */,
				6FB00BF926B2C70900A98895 /* Info.plist */,
			);
			path = Instagram;
			sourceTree = "<group>";
		};
		BA35E8D1D50D2C3A2776B04D /* Pods */ = {
			isa = PBXGroup;
			children = (
				E360BF9A55253524EFC2243A /* Pods-Instagram.debug.xcconfig */,
				0E4700605A322C15F4B04407 /* Pods-Instagram.release.xcconfig */,
			);
			path = Pods;
			sourceTree = "<group>";
		};
/* End PBXGroup section */

/* Begin PBXNativeTarget section */
		6FB00BE726B2C70000A98895 /* Instagram */ = {
			isa = PBXNativeTarget;
			buildConfigurationList = 6FB00BFC26B2C70900A98895 /* Build configuration list for PBXNativeTarget "Instagram" */;
			buildPhases = (
				51979140B9DC8EB799223A11 /* [CP] Check Pods Manifest.lock */,
				6FB00BE426B2C70000A98895 /* Sources */,
				6FB00BE526B2C70000A98895 /* Frameworks */,
				6FB00BE626B2C70000A98895 /* Resources */,
				EA7D1A5961D086D968FF7E0F /* [CP] Embed Pods Frameworks */,
			);
			buildRules = (
			);
			dependencies = (
			);
			name = Instagram;
			productName = Instagram;
			productReference = 6FB00BE826B2C70000A98895 /* Instagram.app */;
			productType = "com.apple.product-type.application";
		};
/* End PBXNativeTarget section */

/* Begin PBXProject section */
		6FB00BE026B2C6FF00A98895 /* Project object */ = {
			isa = PBXProject;
			attributes = {
				LastSwiftUpdateCheck = 1220;
				LastUpgradeCheck = 1220;
				TargetAttributes = {
					6FB00BE726B2C70000A98895 = {
						CreatedOnToolsVersion = 12.2;
					};
				};
			};
			buildConfigurationList = 6FB00BE326B2C6FF00A98895 /* Build configuration list for PBXProject "Instagram" */;
			compatibilityVersion = "Xcode 9.3";
			developmentRegion = en;
			hasScannedForEncodings = 0;
			knownRegions = (
				en,
				Base,
			);
			mainGroup = 6FB00BDF26B2C6FF00A98895;
			productRefGroup = 6FB00BE926B2C70000A98895 /* Products */;
			projectDirPath = "";
			projectRoot = "";
			targets = (
				6FB00BE726B2C70000A98895 /* Instagram */,
			);
		};
/* End PBXProject section */

/* Begin PBXResourcesBuildPhase section */
		6FB00BE626B2C70000A98895 /* Resources */ = {
			isa = PBXResourcesBuildPhase;
			buildActionMask = 2147483647;
			files = (
				6FB00BF826B2C70900A98895 /* LaunchScreen.storyboard in Resources */,
				6F564E5B26B785B000BA8C6C /* PostTableViewCell.xib in Resources */,
				6FB00C1526B39C7900A98895 /* GoogleService-Info.plist in Resources */,
				6F5C89E326B7D4B500C6D514 /* CmntTableViewCell.xib in Resources */,
				6FB00BF526B2C70900A98895 /* Assets.xcassets in Resources */,
				6FB00BF326B2C70000A98895 /* Main.storyboard in Resources */,
			);
			runOnlyForDeploymentPostprocessing = 0;
		};
/* End PBXResourcesBuildPhase section */

/* Begin PBXShellScriptBuildPhase section */
		51979140B9DC8EB799223A11 /* [CP] Check Pods Manifest.lock */ = {
			isa = PBXShellScriptBuildPhase;
			buildActionMask = 2147483647;
			files = (
			);
			inputFileListPaths = (
			);
			inputPaths = (
				"${PODS_PODFILE_DIR_PATH}/Podfile.lock",
				"${PODS_ROOT}/Manifest.lock",
			);
			name = "[CP] Check Pods Manifest.lock";
			outputFileListPaths = (
			);
			outputPaths = (
				"$(DERIVED_FILE_DIR)/Pods-Instagram-checkManifestLockResult.txt",
			);
			runOnlyForDeploymentPostprocessing = 0;
			shellPath = /bin/sh;
			shellScript = "diff \"${PODS_PODFILE_DIR_PATH}/Podfile.lock\" \"${PODS_ROOT}/Manifest.lock\" > /dev/null\nif [ $? != 0 ] ; then\n    # print error to STDERR\n    echo \"error: The sandbox is not in sync with the Podfile.lock. Run 'pod install' or update your CocoaPods installation.\" >&2\n    exit 1\nfi\n# This output is used by Xcode 'outputs' to avoid re-running this script phase.\necho \"SUCCESS\" > \"${SCRIPT_OUTPUT_FILE_0}\"\n";
			showEnvVarsInLog = 0;
		};
		EA7D1A5961D086D968FF7E0F /* [CP] Embed Pods Frameworks */ = {
			isa = PBXShellScriptBuildPhase;
			buildActionMask = 2147483647;
			files = (
			);
			inputFileListPaths = (
				"${PODS_ROOT}/Target Support Files/Pods-Instagram/Pods-Instagram-frameworks-${CONFIGURATION}-input-files.xcfilelist",
			);
			name = "[CP] Embed Pods Frameworks";
			outputFileListPaths = (
				"${PODS_ROOT}/Target Support Files/Pods-Instagram/Pods-Instagram-frameworks-${CONFIGURATION}-output-files.xcfilelist",
			);
			runOnlyForDeploymentPostprocessing = 0;
			shellPath = /bin/sh;
			shellScript = "\"${PODS_ROOT}/Target Support Files/Pods-Instagram/Pods-Instagram-frameworks.sh\"\n";
			showEnvVarsInLog = 0;
		};
/* End PBXShellScriptBuildPhase section */

/* Begin PBXSourcesBuildPhase section */
		6FB00BE426B2C70000A98895 /* Sources */ = {
			isa = PBXSourcesBuildPhase;
			buildActionMask = 2147483647;
			files = (
				6F564E5A26B785B000BA8C6C /* PostTableViewCell.swift in Sources */,
				6FB00C0726B2C7AE00A98895 /* ImageSelectViewController.swift in Sources */,
				6FB00C1126B2D07700A98895 /* TabBarController.swift in Sources */,
				6FB00C0426B2C7A000A98895 /* HomeViewController.swift in Sources */,
				6FB00C0A26B2C7C900A98895 /* PostViewController.swift in Sources */,
				6FB00C0D26B2C7D800A98895 /* SettingViewController.swift in Sources */,
				6F564E5626B7851400BA8C6C /* PostData.swift in Sources */,
				6F5C89E226B7D4B500C6D514 /* CmntTableViewCell.swift in Sources */,
				6FB00C0126B2C79000A98895 /* LoginViewController.swift in Sources */,
				6FB00BEC26B2C70000A98895 /* AppDelegate.swift in Sources */,
				6FB00BEE26B2C70000A98895 /* SceneDelegate.swift in Sources */,
				6F564E5326B7829F00BA8C6C /* Const.swift in Sources */,
			);
			runOnlyForDeploymentPostprocessing = 0;
		};
/* End PBXSourcesBuildPhase section */

/* Begin PBXVariantGroup section */
		6FB00BF126B2C70000A98895 /* Main.storyboard */ = {
			isa = PBXVariantGroup;
			children = (
				6FB00BF226B2C70000A98895 /* Base */,
			);
			name = Main.storyboard;
			sourceTree = "<group>";
		};
		6FB00BF626B2C70900A98895 /* LaunchScreen.storyboard */ = {
			isa = PBXVariantGroup;
			children = (
				6FB00BF726B2C70900A98895 /* Base */,
			);
			name = LaunchScreen.storyboard;
			sourceTree = "<group>";
		};
/* End PBXVariantGroup section */

/* Begin XCBuildConfiguration section */
		6FB00BFA26B2C70900A98895 /* Debug */ = {
			isa = XCBuildConfiguration;
			buildSettings = {
				ALWAYS_SEARCH_USER_PATHS = NO;
				CLANG_ANALYZER_NONNULL = YES;
				CLANG_ANALYZER_NUMBER_OBJECT_CONVERSION = YES_AGGRESSIVE;
				CLANG_CXX_LANGUAGE_STANDARD = "gnu++14";
				CLANG_CXX_LIBRARY = "libc++";
				CLANG_ENABLE_MODULES = YES;
				CLANG_ENABLE_OBJC_ARC = YES;
				CLANG_ENABLE_OBJC_WEAK = YES;
				CLANG_WARN_BLOCK_CAPTURE_AUTORELEASING = YES;
				CLANG_WARN_BOOL_CONVERSION = YES;
				CLANG_WARN_COMMA = YES;
				CLANG_WARN_CONSTANT_CONVERSION = YES;
				CLANG_WARN_DEPRECATED_OBJC_IMPLEMENTATIONS = YES;
				CLANG_WARN_DIRECT_OBJC_ISA_USAGE = YES_ERROR;
				CLANG_WARN_DOCUMENTATION_COMMENTS = YES;
				CLANG_WARN_EMPTY_BODY = YES;
				CLANG_WARN_ENUM_CONVERSION = YES;
				CLANG_WARN_INFINITE_RECURSION = YES;
				CLANG_WARN_INT_CONVERSION = YES;
				CLANG_WARN_NON_LITERAL_NULL_CONVERSION = YES;
				CLANG_WARN_OBJC_IMPLICIT_RETAIN_SELF = YES;
				CLANG_WARN_OBJC_LITERAL_CONVERSION = YES;
				CLANG_WARN_OBJC_ROOT_CLASS = YES_ERROR;
				CLANG_WARN_QUOTED_INCLUDE_IN_FRAMEWORK_HEADER = YES;
				CLANG_WARN_RANGE_LOOP_ANALYSIS = YES;
				CLANG_WARN_STRICT_PROTOTYPES = YES;
				CLANG_WARN_SUSPICIOUS_MOVE = YES;
				CLANG_WARN_UNGUARDED_AVAILABILITY = YES_AGGRESSIVE;
				CLANG_WARN_UNREACHABLE_CODE = YES;
				CLANG_WARN__DUPLICATE_METHOD_MATCH = YES;
				COPY_PHASE_STRIP = NO;
				DEBUG_INFORMATION_FORMAT = dwarf;
				ENABLE_STRICT_OBJC_MSGSEND = YES;
				ENABLE_TESTABILITY = YES;
				GCC_C_LANGUAGE_STANDARD = gnu11;
				GCC_DYNAMIC_NO_PIC = NO;
				GCC_NO_COMMON_BLOCKS = YES;
				GCC_OPTIMIZATION_LEVEL = 0;
				GCC_PREPROCESSOR_DEFINITIONS = (
					"DEBUG=1",
					"$(inherited)",
				);
				GCC_WARN_64_TO_32_BIT_CONVERSION = YES;
				GCC_WARN_ABOUT_RETURN_TYPE = YES_ERROR;
				GCC_WARN_UNDECLARED_SELECTOR = YES;
				GCC_WARN_UNINITIALIZED_AUTOS = YES_AGGRESSIVE;
				GCC_WARN_UNUSED_FUNCTION = YES;
				GCC_WARN_UNUSED_VARIABLE = YES;
				IPHONEOS_DEPLOYMENT_TARGET = 14.2;
				MTL_ENABLE_DEBUG_INFO = INCLUDE_SOURCE;
				MTL_FAST_MATH = YES;
				ONLY_ACTIVE_ARCH = YES;
				SDKROOT = iphoneos;
				SWIFT_ACTIVE_COMPILATION_CONDITIONS = DEBUG;
				SWIFT_OPTIMIZATION_LEVEL = "-Onone";
			};
			name = Debug;
		};
		6FB00BFB26B2C70900A98895 /* Release */ = {
			isa = XCBuildConfiguration;
			buildSettings = {
				ALWAYS_SEARCH_USER_PATHS = NO;
				CLANG_ANALYZER_NONNULL = YES;
				CLANG_ANALYZER_NUMBER_OBJECT_CONVERSION = YES_AGGRESSIVE;
				CLANG_CXX_LANGUAGE_STANDARD = "gnu++14";
				CLANG_CXX_LIBRARY = "libc++";
				CLANG_ENABLE_MODULES = YES;
				CLANG_ENABLE_OBJC_ARC = YES;
				CLANG_ENABLE_OBJC_WEAK = YES;
				CLANG_WARN_BLOCK_CAPTURE_AUTORELEASING = YES;
				CLANG_WARN_BOOL_CONVERSION = YES;
				CLANG_WARN_COMMA = YES;
				CLANG_WARN_CONSTANT_CONVERSION = YES;
				CLANG_WARN_DEPRECATED_OBJC_IMPLEMENTATIONS = YES;
				CLANG_WARN_DIRECT_OBJC_ISA_USAGE = YES_ERROR;
				CLANG_WARN_DOCUMENTATION_COMMENTS = YES;
				CLANG_WARN_EMPTY_BODY = YES;
				CLANG_WARN_ENUM_CONVERSION = YES;
				CLANG_WARN_INFINITE_RECURSION = YES;
				CLANG_WARN_INT_CONVERSION = YES;
				CLANG_WARN_NON_LITERAL_NULL_CONVERSION = YES;
				CLANG_WARN_OBJC_IMPLICIT_RETAIN_SELF = YES;
				CLANG_WARN_OBJC_LITERAL_CONVERSION = YES;
				CLANG_WARN_OBJC_ROOT_CLASS = YES_ERROR;
				CLANG_WARN_QUOTED_INCLUDE_IN_FRAMEWORK_HEADER = YES;
				CLANG_WARN_RANGE_LOOP_ANALYSIS = YES;
				CLANG_WARN_STRICT_PROTOTYPES = YES;
				CLANG_WARN_SUSPICIOUS_MOVE = YES;
				CLANG_WARN_UNGUARDED_AVAILABILITY = YES_AGGRESSIVE;
				CLANG_WARN_UNREACHABLE_CODE = YES;
				CLANG_WARN__DUPLICATE_METHOD_MATCH = YES;
				COPY_PHASE_STRIP = NO;
				DEBUG_INFORMATION_FORMAT = "dwarf-with-dsym";
				ENABLE_NS_ASSERTIONS = NO;
				ENABLE_STRICT_OBJC_MSGSEND = YES;
				GCC_C_LANGUAGE_STANDARD = gnu11;
				GCC_NO_COMMON_BLOCKS = YES;
				GCC_WARN_64_TO_32_BIT_CONVERSION = YES;
				GCC_WARN_ABOUT_RETURN_TYPE = YES_ERROR;
				GCC_WARN_UNDECLARED_SELECTOR = YES;
				GCC_WARN_UNINITIALIZED_AUTOS = YES_AGGRESSIVE;
				GCC_WARN_UNUSED_FUNCTION = YES;
				GCC_WARN_UNUSED_VARIABLE = YES;
				IPHONEOS_DEPLOYMENT_TARGET = 14.2;
				MTL_ENABLE_DEBUG_INFO = NO;
				MTL_FAST_MATH = YES;
				SDKROOT = iphoneos;
				SWIFT_COMPILATION_MODE = wholemodule;
				SWIFT_OPTIMIZATION_LEVEL = "-O";
				VALIDATE_PRODUCT = YES;
			};
			name = Release;
		};
		6FB00BFD26B2C70900A98895 /* Debug */ = {
			isa = XCBuildConfiguration;
			baseConfigurationReference = E360BF9A55253524EFC2243A /* Pods-Instagram.debug.xcconfig */;
			buildSettings = {
				ASSETCATALOG_COMPILER_APPICON_NAME = AppIcon;
				ASSETCATALOG_COMPILER_GLOBAL_ACCENT_COLOR_NAME = AccentColor;
				CODE_SIGN_STYLE = Automatic;
				DEVELOPMENT_TEAM = GJ8JTMD3TD;
				INFOPLIST_FILE = Instagram/Info.plist;
				LD_RUNPATH_SEARCH_PATHS = (
					"$(inherited)",
					"@executable_path/Frameworks",
				);
				PRODUCT_BUNDLE_IDENTIFIER = jp.techacademy.kei.shimura.Instagram;
				PRODUCT_NAME = "$(TARGET_NAME)";
				SWIFT_VERSION = 5.0;
				TARGETED_DEVICE_FAMILY = 1;
			};
			name = Debug;
		};
		6FB00BFE26B2C70900A98895 /* Release */ = {
			isa = XCBuildConfiguration;
			baseConfigurationReference = 0E4700605A322C15F4B04407 /* Pods-Instagram.release.xcconfig */;
			buildSettings = {
				ASSETCATALOG_COMPILER_APPICON_NAME = AppIcon;
				ASSETCATALOG_COMPILER_GLOBAL_ACCENT_COLOR_NAME = AccentColor;
				CODE_SIGN_STYLE = Automatic;
				DEVELOPMENT_TEAM = GJ8JTMD3TD;
				INFOPLIST_FILE = Instagram/Info.plist;
				LD_RUNPATH_SEARCH_PATHS = (
					"$(inherited)",
					"@executable_path/Frameworks",
				);
				PRODUCT_BUNDLE_IDENTIFIER = jp.techacademy.kei.shimura.Instagram;
				PRODUCT_NAME = "$(TARGET_NAME)";
				SWIFT_VERSION = 5.0;
				TARGETED_DEVICE_FAMILY = 1;
			};
			name = Release;
		};
/* End XCBuildConfiguration section */

/* Begin XCConfigurationList section */
		6FB00BE326B2C6FF00A98895 /* Build configuration list for PBXProject "Instagram" */ = {
			isa = XCConfigurationList;
			buildConfigurations = (
				6FB00BFA26B2C70900A98895 /* Debug */,
				6FB00BFB26B2C70900A98895 /* Release */,
			);
			defaultConfigurationIsVisible = 0;
			defaultConfigurationName = Release;
		};
		6FB00BFC26B2C70900A98895 /* Build configuration list for PBXNativeTarget "Instagram" */ = {
			isa = XCConfigurationList;
			buildConfigurations = (
				6FB00BFD26B2C70900A98895 /* Debug */,
				6FB00BFE26B2C70900A98895 /* Release */,
			);
			defaultConfigurationIsVisible = 0;
			defaultConfigurationName = Release;
		};
/* End XCConfigurationList section */
	};
	rootObject = 6FB00BE026B2C6FF00A98895 /* Project object */;
}
